
Microsoft Visual Studio Solution File, Format Version 12.00
# Visual Studio 14
VisualStudioVersion = 14.0.25123.0
MinimumVisualStudioVersion = 10.0.40219.1
Project("{FAE04EC0-301F-11D3-BF4B-00C04F79EFBC}") = "MentoringD1D2.Patterns.Task1", "MentoringD1D2.Patterns.Task1\MentoringD1D2.Patterns.Task1.csproj", "{0655770F-603F-4E05-865F-93129409478C}"
EndProject
Project("{FAE04EC0-301F-11D3-BF4B-00C04F79EFBC}") = "MentoringD1D2.Patterns.Task2", "MentoringD1D2.Patterns.Task2\MentoringD1D2.Patterns.Task2.csproj", "{51AB5B0C-AA39-42E9-94BD-7B4F87726644}"
EndProject
Project("{FAE04EC0-301F-11D3-BF4B-00C04F79EFBC}") = "MentoringD1D2.Patterns.Task3", "MentoringD1D2.Patterns.Task3\MentoringD1D2.Patterns.Task3.csproj", "{996ACA35-577F-49BC-AD0C-7010F7A61847}"
EndProject
Project("{FAE04EC0-301F-11D3-BF4B-00C04F79EFBC}") = "MentoringD1D2.Patterns.Tests", "MentoringD1D2.Patterns.Tests\MentoringD1D2.Patterns.Tests.csproj", "{3849DBEB-40E2-4A55-8441-2867662B6731}"
EndProject
Global
	GlobalSection(SolutionConfigurationPlatforms) = preSolution
		Debug|Any CPU = Debug|Any CPU
		Release|Any CPU = Release|Any CPU
	EndGlobalSection
	GlobalSection(ProjectConfigurationPlatforms) = postSolution
		{0655770F-603F-4E05-865F-93129409478C}.Debug|Any CPU.ActiveCfg = Debug|Any CPU
		{0655770F-603F-4E05-865F-93129409478C}.Debug|Any CPU.Build.0 = Debug|Any CPU
		{0655770F-603F-4E05-865F-93129409478C}.Release|Any CPU.ActiveCfg = Release|Any CPU
		{0655770F-603F-4E05-865F-93129409478C}.Release|Any CPU.Build.0 = Release|Any CPU
		{51AB5B0C-AA39-42E9-94BD-7B4F87726644}.Debug|Any CPU.ActiveCfg = Debug|Any CPU
		{51AB5B0C-AA39-42E9-94BD-7B4F87726644}.Debug|Any CPU.Build.0 = Debug|Any CPU
		{51AB5B0C-AA39-42E9-94BD-7B4F87726644}.Release|Any CPU.ActiveCfg = Release|Any CPU
		{51AB5B0C-AA39-42E9-94BD-7B4F87726644}.Release|Any CPU.Build.0 = Release|Any CPU
		{996ACA35-577F-49BC-AD0C-7010F7A61847}.Debug|Any CPU.ActiveCfg = Debug|Any CPU
		{996ACA35-577F-49BC-AD0C-7010F7A61847}.Debug|Any CPU.Build.0 = Debug|Any CPU
		{996ACA35-577F-49BC-AD0C-7010F7A61847}.Release|Any CPU.ActiveCfg = Release|Any CPU
		{996ACA35-577F-49BC-AD0C-7010F7A61847}.Release|Any CPU.Build.0 = Release|Any CPU
		{3849DBEB-40E2-4A55-8441-2867662B6731}.Debug|Any CPU.ActiveCfg = Debug|Any CPU
		{3849DBEB-40E2-4A55-8441-2867662B6731}.Debug|Any CPU.Build.0 = Debug|Any CPU
		{3849DBEB-40E2-4A55-8441-2867662B6731}.Release|Any CPU.ActiveCfg = Release|Any CPU
		{3849DBEB-40E2-4A55-8441-2867662B6731}.Release|Any CPU.Build.0 = Release|Any CPU
	EndGlobalSection
	GlobalSection(SolutionProperties) = preSolution
		HideSolutionNode = FALSE
	EndGlobalSection
EndGlobal
