
Microsoft Visual Studio Solution File, Format Version 12.00
# Visual Studio 14
VisualStudioVersion = 14.0.24720.0
MinimumVisualStudioVersion = 10.0.40219.1
Project("{FAE04EC0-301F-11D3-BF4B-00C04F79EFBC}") = "MentoringD1D2.Serialization.Task1.Models", "MentoringD1D2.Serialization.Task1.Models\MentoringD1D2.Serialization.Task1.Models.csproj", "{D61BAC0C-2A72-4AA3-9236-03E18F702DB9}"
EndProject
Project("{FAE04EC0-301F-11D3-BF4B-00C04F79EFBC}") = "MentoringD1D2.Serialization.Task1", "MentoringD1D2.Serialization.Task1\MentoringD1D2.Serialization.Task1.csproj", "{1E782F99-93C0-453C-AB54-071C77A6337F}"
EndProject
Project("{FAE04EC0-301F-11D3-BF4B-00C04F79EFBC}") = "MentoringD1D2.Serialization.Task1.Tests", "MentoringD1D2.Serialization.Task1.Tests\MentoringD1D2.Serialization.Task1.Tests.csproj", "{08D1DD77-9E0A-4C10-B85E-1A3F59888806}"
EndProject
Global
	GlobalSection(SolutionConfigurationPlatforms) = preSolution
		Debug|Any CPU = Debug|Any CPU
		Release|Any CPU = Release|Any CPU
	EndGlobalSection
	GlobalSection(ProjectConfigurationPlatforms) = postSolution
		{D61BAC0C-2A72-4AA3-9236-03E18F702DB9}.Debug|Any CPU.ActiveCfg = Debug|Any CPU
		{D61BAC0C-2A72-4AA3-9236-03E18F702DB9}.Debug|Any CPU.Build.0 = Debug|Any CPU
		{D61BAC0C-2A72-4AA3-9236-03E18F702DB9}.Release|Any CPU.ActiveCfg = Release|Any CPU
		{D61BAC0C-2A72-4AA3-9236-03E18F702DB9}.Release|Any CPU.Build.0 = Release|Any CPU
		{1E782F99-93C0-453C-AB54-071C77A6337F}.Debug|Any CPU.ActiveCfg = Debug|Any CPU
		{1E782F99-93C0-453C-AB54-071C77A6337F}.Debug|Any CPU.Build.0 = Debug|Any CPU
		{1E782F99-93C0-453C-AB54-071C77A6337F}.Release|Any CPU.ActiveCfg = Release|Any CPU
		{1E782F99-93C0-453C-AB54-071C77A6337F}.Release|Any CPU.Build.0 = Release|Any CPU
		{08D1DD77-9E0A-4C10-B85E-1A3F59888806}.Debug|Any CPU.ActiveCfg = Debug|Any CPU
		{08D1DD77-9E0A-4C10-B85E-1A3F59888806}.Debug|Any CPU.Build.0 = Debug|Any CPU
		{08D1DD77-9E0A-4C10-B85E-1A3F59888806}.Release|Any CPU.ActiveCfg = Release|Any CPU
		{08D1DD77-9E0A-4C10-B85E-1A3F59888806}.Release|Any CPU.Build.0 = Release|Any CPU
	EndGlobalSection
	GlobalSection(SolutionProperties) = preSolution
		HideSolutionNode = FALSE
	EndGlobalSection
EndGlobal
